
Microsoft Visual Studio Solution File, Format Version 12.00
# Visual Studio Version 17
VisualStudioVersion = 17.11.35431.28
MinimumVisualStudioVersion = 10.0.40219.1
Project("{9A19103F-16F7-4668-BE54-9A1E7A4F7556}") = "Ae.Ntp.Protocol", "src\Ae.Ntp.Protocol\Ae.Ntp.Protocol.csproj", "{91168DDF-B2CB-42F1-8596-ECF43EB1D141}"
EndProject
Project("{9A19103F-16F7-4668-BE54-9A1E7A4F7556}") = "Ae.Ntp.Console", "misc\Ae.Ntp.Console\Ae.Ntp.Console.csproj", "{B599E9F6-7E46-4C88-8000-B6B2F5E39776}"
EndProject
Global
	GlobalSection(SolutionConfigurationPlatforms) = preSolution
		Debug|Any CPU = Debug|Any CPU
		Release|Any CPU = Release|Any CPU
	EndGlobalSection
	GlobalSection(ProjectConfigurationPlatforms) = postSolution
		{91168DDF-B2CB-42F1-8596-ECF43EB1D141}.Debug|Any CPU.ActiveCfg = Debug|Any CPU
		{91168DDF-B2CB-42F1-8596-ECF43EB1D141}.Debug|Any CPU.Build.0 = Debug|Any CPU
		{91168DDF-B2CB-42F1-8596-ECF43EB1D141}.Release|Any CPU.ActiveCfg = Release|Any CPU
		{91168DDF-B2CB-42F1-8596-ECF43EB1D141}.Release|Any CPU.Build.0 = Release|Any CPU
		{B599E9F6-7E46-4C88-8000-B6B2F5E39776}.Debug|Any CPU.ActiveCfg = Debug|Any CPU
		{B599E9F6-7E46-4C88-8000-B6B2F5E39776}.Debug|Any CPU.Build.0 = Debug|Any CPU
		{B599E9F6-7E46-4C88-8000-B6B2F5E39776}.Release|Any CPU.ActiveCfg = Release|Any CPU
		{B599E9F6-7E46-4C88-8000-B6B2F5E39776}.Release|Any CPU.Build.0 = Release|Any CPU
	EndGlobalSection
	GlobalSection(SolutionProperties) = preSolution
		HideSolutionNode = FALSE
	EndGlobalSection
	GlobalSection(ExtensibilityGlobals) = postSolution
		SolutionGuid = {DE839F0B-7817-4BED-88E4-54C8088222F1}
	EndGlobalSection
EndGlobal
